# This file is autogenerated, do not edit; changes may be undone by the next 'dep ensure'.


[[projects]]
  digest = "1:58a4fab72961694f0790a03d6cc9e5340a1f187f0fbe703a8838e657bdce6318"
  name = "github.com/brianvoe/gofakeit"
  packages = [
    ".",
    "data",
  ]
  pruneopts = "UT"
  revision = "001277c505b0fe12dd932b9e63f375fcb5b92bb0"
  version = "v3.13.0"

[[projects]]
  branch = "master"
  digest = "1:3a60921f3c99de45d26b372450e666196a123def1edc2fb543c33db4a93813a7"
  name = "github.com/comail/colog"
  packages = ["."]
  pruneopts = "UT"
  revision = "fba8e7b1f46c3607f09760ce3880066e7ff57c5a"

[[projects]]
  branch = "master"
  digest = "1:43f4a1099912dda67ea7e262126a82b45de9363deb67ae51da4b1f232ced6648"
  name = "github.com/erikdubbelboer/gspt"
  packages = ["."]
  pruneopts = "UT"
  revision = "e39e726e09cc23d1ccf13b36ce10dbdb4a4510e0"

[[projects]]
  digest = "1:342378ac4dcb378a5448dd723f0784ae519383532f5e70ade24132c4c8693202"
  name = "gopkg.in/yaml.v2"
  packages = ["."]
  pruneopts = "UT"
  revision = "5420a8b6744d3b0345ab293f6fcba19c978f1183"
  version = "v2.2.1"

[solve-meta]
  analyzer-name = "dep"
  analyzer-version = 1
  input-imports = [
    "github.com/brianvoe/gofakeit",
    "github.com/comail/colog",
    "github.com/erikdubbelboer/gspt",
    "gopkg.in/yaml.v2",
  ]
  solver-name = "gps-cdcl"
  solver-version = 1
